Microsoft Visual Studio Solution File, Format Version 12.00
# Visual Studio Version 17
VisualStudioVersion = 17.5.33502.453
MinimumVisualStudioVersion = 10.0.40219.1
Project("{9A19103F-16F7-4668-BE54-9A1E7A4F7556}") = "Fellowmind.OData.Core", "Fellowmind.OData.Core\Fellowmind.OData.Core.csproj", "{A77B3AF1-93A3-422A-8C9A-18B90A62539F}"
EndProject
Project("{9A19103F-16F7-4668-BE54-9A1E7A4F7556}") = "Fellowmind.OData.Core.Tests", "Fellowmind.OData.Core.Tests\Fellowmind.OData.Core.Tests.csproj", "{23AB581B-BB7B-4735-A30F-B3500116DBD7}"
EndProject
Global
	GlobalSection(SolutionConfigurationPlatforms) = preSolution
		Debug|Any CPU = Debug|Any CPU
		Release|Any CPU = Release|Any CPU
	EndGlobalSection
	GlobalSection(ProjectConfigurationPlatforms) = postSolution
		{A77B3AF1-93A3-422A-8C9A-18B90A62539F}.Debug|Any CPU.ActiveCfg = Debug|Any CPU
		{A77B3AF1-93A3-422A-8C9A-18B90A62539F}.Debug|Any CPU.Build.0 = Debug|Any CPU
		{A77B3AF1-93A3-422A-8C9A-18B90A62539F}.Release|Any CPU.ActiveCfg = Release|Any CPU
		{A77B3AF1-93A3-422A-8C9A-18B90A62539F}.Release|Any CPU.Build.0 = Release|Any CPU
		{23AB581B-BB7B-4735-A30F-B3500116DBD7}.Debug|Any CPU.ActiveCfg = Debug|Any CPU
		{23AB581B-BB7B-4735-A30F-B3500116DBD7}.Debug|Any CPU.Build.0 = Debug|Any CPU
		{23AB581B-BB7B-4735-A30F-B3500116DBD7}.Release|Any CPU.ActiveCfg = Release|Any CPU
		{23AB581B-BB7B-4735-A30F-B3500116DBD7}.Release|Any CPU.Build.0 = Release|Any CPU
	EndGlobalSection
	GlobalSection(SolutionProperties) = preSolution
		HideSolutionNode = FALSE
	EndGlobalSection
	GlobalSection(ExtensibilityGlobals) = postSolution
		SolutionGuid = {0089D049-4072-468A-BCC8-DB4D936377E1}
	EndGlobalSection
EndGlobal
